// !$*UTF8*$!
{
	archiveVersion = 1;
	classes = {
	};
	objectVersion = 56;
	objects = {

/* Begin PBXBuildFile section */
		9F0F77C02C7E45C800075740 /* Recipe.swift in Sources */ = {isa = PBXBuildFile; fileRef = 9F0F77BF2C7E45C800075740 /* Recipe.swift */; };
		9F0F77C32C7E461100075740 /* RecipeModel.swift in Sources */ = {isa = PBXBuildFile; fileRef = 9F0F77C22C7E461100075740 /* RecipeModel.swift */; };
		9F0F77C52C7E49C900075740 /* RecipeResponse.swift in Sources */ = {isa = PBXBuildFile; fileRef = 9F0F77C42C7E49C900075740 /* RecipeResponse.swift */; };
		9F0F77C72C7E49E000075740 /* Category.swift in Sources */ = {isa = PBXBuildFile; fileRef = 9F0F77C62C7E49E000075740 /* Category.swift */; };
		9F0F77C92C7E49EB00075740 /* CategoryModel.swift in Sources */ = {isa = PBXBuildFile; fileRef = 9F0F77C82C7E49EB00075740 /* CategoryModel.swift */; };
		9F0F77CB2C7E49F500075740 /* CategoryResponse.swift in Sources */ = {isa = PBXBuildFile; fileRef = 9F0F77CA2C7E49F500075740 /* CategoryResponse.swift */; };
		9F0F77CD2C7E4AA000075740 /* CategoriesView.swift in Sources */ = {isa = PBXBuildFile; fileRef = 9F0F77CC2C7E4AA000075740 /* CategoriesView.swift */; };
		9F0F77CF2C7E4B8100075740 /* Country.swift in Sources */ = {isa = PBXBuildFile; fileRef = 9F0F77CE2C7E4B8100075740 /* Country.swift */; };
		9F0F77D12C7E4B8A00075740 /* CountryModel.swift in Sources */ = {isa = PBXBuildFile; fileRef = 9F0F77D02C7E4B8A00075740 /* CountryModel.swift */; };
		9F0F77D32C7E4B9300075740 /* CountryResponse.swift in Sources */ = {isa = PBXBuildFile; fileRef = 9F0F77D22C7E4B9300075740 /* CountryResponse.swift */; };
		9F0F77D52C7E4C7100075740 /* CountriesView.swift in Sources */ = {isa = PBXBuildFile; fileRef = 9F0F77D42C7E4C7100075740 /* CountriesView.swift */; };
		9F0F77D72C7E4CFB00075740 /* RandomRecipeView.swift in Sources */ = {isa = PBXBuildFile; fileRef = 9F0F77D62C7E4CFB00075740 /* RandomRecipeView.swift */; };
		AE4519822C77D72C00752D40 /* GP4_Challenge_2App.swift in Sources */ = {isa = PBXBuildFile; fileRef = AE4519812C77D72C00752D40 /* GP4_Challenge_2App.swift */; };
		AE4519882C77D72D00752D40 /* Assets.xcassets in Resources */ = {isa = PBXBuildFile; fileRef = AE4519872C77D72D00752D40 /* Assets.xcassets */; };
		AE45198B2C77D72D00752D40 /* Preview Assets.xcassets in Resources */ = {isa = PBXBuildFile; fileRef = AE45198A2C77D72D00752D40 /* Preview Assets.xcassets */; };
		AEC9D4782C794C6A001B05C8 /* FeedView.swift in Sources */ = {isa = PBXBuildFile; fileRef = AEC9D4772C794C6A001B05C8 /* FeedView.swift */; };
/* End PBXBuildFile section */

/* Begin PBXFileReference section */
		9F0F77BF2C7E45C800075740 /* Recipe.swift */ = {isa = PBXFileReference; lastKnownFileType = sourcecode.swift; path = Recipe.swift; sourceTree = "<group>"; };
		9F0F77C22C7E461100075740 /* RecipeModel.swift */ = {isa = PBXFileReference; lastKnownFileType = sourcecode.swift; path = RecipeModel.swift; sourceTree = "<group>"; };
		9F0F77C42C7E49C900075740 /* RecipeResponse.swift */ = {isa = PBXFileReference; lastKnownFileType = sourcecode.swift; path = RecipeResponse.swift; sourceTree = "<group>"; };
		9F0F77C62C7E49E000075740 /* Category.swift */ = {isa = PBXFileReference; lastKnownFileType = sourcecode.swift; path = Category.swift; sourceTree = "<group>"; };
		9F0F77C82C7E49EB00075740 /* CategoryModel.swift */ = {isa = PBXFileReference; lastKnownFileType = sourcecode.swift; path = CategoryModel.swift; sourceTree = "<group>"; };
		9F0F77CA2C7E49F500075740 /* CategoryResponse.swift */ = {isa = PBXFileReference; lastKnownFileType = sourcecode.swift; path = CategoryResponse.swift; sourceTree = "<group>"; };
		9F0F77CC2C7E4AA000075740 /* CategoriesView.swift */ = {isa = PBXFileReference; lastKnownFileType = sourcecode.swift; path = CategoriesView.swift; sourceTree = "<group>"; };
		9F0F77CE2C7E4B8100075740 /* Country.swift */ = {isa = PBXFileReference; lastKnownFileType = sourcecode.swift; path = Country.swift; sourceTree = "<group>"; };
		9F0F77D02C7E4B8A00075740 /* CountryModel.swift */ = {isa = PBXFileReference; lastKnownFileType = sourcecode.swift; path = CountryModel.swift; sourceTree = "<group>"; };
		9F0F77D22C7E4B9300075740 /* CountryResponse.swift */ = {isa = PBXFileReference; lastKnownFileType = sourcecode.swift; path = CountryResponse.swift; sourceTree = "<group>"; };
		9F0F77D42C7E4C7100075740 /* CountriesView.swift */ = {isa = PBXFileReference; lastKnownFileType = sourcecode.swift; path = CountriesView.swift; sourceTree = "<group>"; };
		9F0F77D62C7E4CFB00075740 /* RandomRecipeView.swift */ = {isa = PBXFileReference; lastKnownFileType = sourcecode.swift; path = RandomRecipeView.swift; sourceTree = "<group>"; };
		AE45197E2C77D72C00752D40 /* GP4-Challenge-2.app */ = {isa = PBXFileReference; explicitFileType = wrapper.application; includeInIndex = 0; path = "GP4-Challenge-2.app"; sourceTree = BUILT_PRODUCTS_DIR; };
		AE4519812C77D72C00752D40 /* GP4_Challenge_2App.swift */ = {isa = PBXFileReference; lastKnownFileType = sourcecode.swift; path = GP4_Challenge_2App.swift; sourceTree = "<group>"; };
		AE4519872C77D72D00752D40 /* Assets.xcassets */ = {isa = PBXFileReference; lastKnownFileType = folder.assetcatalog; path = Assets.xcassets; sourceTree = "<group>"; };
		AE45198A2C77D72D00752D40 /* Preview Assets.xcassets */ = {isa = PBXFileReference; lastKnownFileType = folder.assetcatalog; path = "Preview Assets.xcassets"; sourceTree = "<group>"; };
		AEC9D4772C794C6A001B05C8 /* FeedView.swift */ = {isa = PBXFileReference; lastKnownFileType = sourcecode.swift; path = FeedView.swift; sourceTree = "<group>"; };
/* End PBXFileReference section */

/* Begin PBXFrameworksBuildPhase section */
		AE45197B2C77D72C00752D40 /* Frameworks */ = {
			isa = PBXFrameworksBuildPhase;
			buildActionMask = 2147483647;
			files = (
			);
			runOnlyForDeploymentPostprocessing = 0;
		};
/* End PBXFrameworksBuildPhase section */

/* Begin PBXGroup section */
		9F0F77C12C7E460100075740 /* Model */ = {
			isa = PBXGroup;
			children = (
				AE404F752C7E4ED2002EB2CA /* Recipe */,
				AE41D78A2C7E50370043F100 /* Category */,
				AE41D78B2C7E504A0043F100 /* Country */,
			);
			path = Model;
			sourceTree = "<group>";
		};
		AE404F752C7E4ED2002EB2CA /* Recipe */ = {
			isa = PBXGroup;
			children = (
				9F0F77C22C7E461100075740 /* RecipeModel.swift */,
				9F0F77BF2C7E45C800075740 /* Recipe.swift */,
				9F0F77C42C7E49C900075740 /* RecipeResponse.swift */,
			);
			path = Recipe;
			sourceTree = "<group>";
		};
		AE41D78A2C7E50370043F100 /* Category */ = {
			isa = PBXGroup;
			children = (
				9F0F77C62C7E49E000075740 /* Category.swift */,
				9F0F77C82C7E49EB00075740 /* CategoryModel.swift */,
				9F0F77CA2C7E49F500075740 /* CategoryResponse.swift */,
			);
			path = Category;
			sourceTree = "<group>";
		};
		AE41D78B2C7E504A0043F100 /* Country */ = {
			isa = PBXGroup;
			children = (
				9F0F77CE2C7E4B8100075740 /* Country.swift */,
				9F0F77D02C7E4B8A00075740 /* CountryModel.swift */,
				9F0F77D22C7E4B9300075740 /* CountryResponse.swift */,
			);
			path = Country;
			sourceTree = "<group>";
		};
		AE4519752C77D72C00752D40 = {
			isa = PBXGroup;
			children = (
				AE4519802C77D72C00752D40 /* GP4-Challenge-2 */,
				AE45197F2C77D72C00752D40 /* Products */,
			);
			sourceTree = "<group>";
		};
		AE45197F2C77D72C00752D40 /* Products */ = {
			isa = PBXGroup;
			children = (
				AE45197E2C77D72C00752D40 /* GP4-Challenge-2.app */,
			);
			name = Products;
			sourceTree = "<group>";
		};
		AE4519802C77D72C00752D40 /* GP4-Challenge-2 */ = {
			isa = PBXGroup;
			children = (
				9F0F77C12C7E460100075740 /* Model */,
				AEC9D4772C794C6A001B05C8 /* FeedView.swift */,
				9F0F77CC2C7E4AA000075740 /* CategoriesView.swift */,
				9F0F77D62C7E4CFB00075740 /* RandomRecipeView.swift */,
				9F0F77D42C7E4C7100075740 /* CountriesView.swift */,
				AE4519812C77D72C00752D40 /* GP4_Challenge_2App.swift */,
				AE4519872C77D72D00752D40 /* Assets.xcassets */,
				AE4519892C77D72D00752D40 /* Preview Content */,
			);
			path = "GP4-Challenge-2";
			sourceTree = "<group>";
		};
		AE4519892C77D72D00752D40 /* Preview Content */ = {
			isa = PBXGroup;
			children = (
				AE45198A2C77D72D00752D40 /* Preview Assets.xcassets */,
			);
			path = "Preview Content";
			sourceTree = "<group>";
		};
/* End PBXGroup section */

/* Begin PBXNativeTarget section */
		AE45197D2C77D72C00752D40 /* GP4-Challenge-2 */ = {
			isa = PBXNativeTarget;
			buildConfigurationList = AE45198E2C77D72D00752D40 /* Build configuration list for PBXNativeTarget "GP4-Challenge-2" */;
			buildPhases = (
				AE45197A2C77D72C00752D40 /* Sources */,
				AE45197B2C77D72C00752D40 /* Frameworks */,
				AE45197C2C77D72C00752D40 /* Resources */,
			);
			buildRules = (
			);
			dependencies = (
			);
			name = "GP4-Challenge-2";
			productName = "GP4-Challenge-2";
			productReference = AE45197E2C77D72C00752D40 /* GP4-Challenge-2.app */;
			productType = "com.apple.product-type.application";
		};
/* End PBXNativeTarget section */

/* Begin PBXProject section */
		AE4519762C77D72C00752D40 /* Project object */ = {
			isa = PBXProject;
			attributes = {
				BuildIndependentTargetsInParallel = 1;
				LastSwiftUpdateCheck = 1520;
				LastUpgradeCheck = 1520;
				TargetAttributes = {
					AE45197D2C77D72C00752D40 = {
						CreatedOnToolsVersion = 15.2;
					};
				};
			};
			buildConfigurationList = AE4519792C77D72C00752D40 /* Build configuration list for PBXProject "GP4-Challenge-2" */;
			compatibilityVersion = "Xcode 14.0";
			developmentRegion = en;
			hasScannedForEncodings = 0;
			knownRegions = (
				en,
				Base,
			);
			mainGroup = AE4519752C77D72C00752D40;
			productRefGroup = AE45197F2C77D72C00752D40 /* Products */;
			projectDirPath = "";
			projectRoot = "";
			targets = (
				AE45197D2C77D72C00752D40 /* GP4-Challenge-2 */,
			);
		};
/* End PBXProject section */

/* Begin PBXResourcesBuildPhase section */
		AE45197C2C77D72C00752D40 /* Resources */ = {
			isa = PBXResourcesBuildPhase;
			buildActionMask = 2147483647;
			files = (
				AE45198B2C77D72D00752D40 /* Preview Assets.xcassets in Resources */,
				AE4519882C77D72D00752D40 /* Assets.xcassets in Resources */,
			);
			runOnlyForDeploymentPostprocessing = 0;
		};
/* End PBXResourcesBuildPhase section */

/* Begin PBXSourcesBuildPhase section */
		AE45197A2C77D72C00752D40 /* Sources */ = {
			isa = PBXSourcesBuildPhase;
			buildActionMask = 2147483647;
			files = (
				9F0F77C02C7E45C800075740 /* Recipe.swift in Sources */,
				9F0F77C32C7E461100075740 /* RecipeModel.swift in Sources */,
				9F0F77D12C7E4B8A00075740 /* CountryModel.swift in Sources */,
				9F0F77D32C7E4B9300075740 /* CountryResponse.swift in Sources */,
				AEC9D4782C794C6A001B05C8 /* FeedView.swift in Sources */,
				9F0F77D72C7E4CFB00075740 /* RandomRecipeView.swift in Sources */,
				AE4519822C77D72C00752D40 /* GP4_Challenge_2App.swift in Sources */,
				9F0F77C92C7E49EB00075740 /* CategoryModel.swift in Sources */,
				9F0F77D52C7E4C7100075740 /* CountriesView.swift in Sources */,
				9F0F77CD2C7E4AA000075740 /* CategoriesView.swift in Sources */,
				9F0F77C52C7E49C900075740 /* RecipeResponse.swift in Sources */,
				9F0F77CB2C7E49F500075740 /* CategoryResponse.swift in Sources */,
				9F0F77CF2C7E4B8100075740 /* Country.swift in Sources */,
				9F0F77C72C7E49E000075740 /* Category.swift in Sources */,
			);
			runOnlyForDeploymentPostprocessing = 0;
		};
/* End PBXSourcesBuildPhase section */

/* Begin XCBuildConfiguration section */
		AE45198C2C77D72D00752D40 /* Debug */ = {
			isa = XCBuildConfiguration;
			buildSettings = {
				ALWAYS_SEARCH_USER_PATHS = NO;
				ASSETCATALOG_COMPILER_GENERATE_SWIFT_ASSET_SYMBOL_EXTENSIONS = YES;
				CLANG_ANALYZER_NONNULL = YES;
				CLANG_ANALYZER_NUMBER_OBJECT_CONVERSION = YES_AGGRESSIVE;
				CLANG_CXX_LANGUAGE_STANDARD = "gnu++20";
				CLANG_ENABLE_MODULES = YES;
				CLANG_ENABLE_OBJC_ARC = YES;
				CLANG_ENABLE_OBJC_WEAK = YES;
				CLANG_WARN_BLOCK_CAPTURE_AUTORELEASING = YES;
				CLANG_WARN_BOOL_CONVERSION = YES;
				CLANG_WARN_COMMA = YES;
				CLANG_WARN_CONSTANT_CONVERSION = YES;
				CLANG_WARN_DEPRECATED_OBJC_IMPLEMENTATIONS = YES;
				CLANG_WARN_DIRECT_OBJC_ISA_USAGE = YES_ERROR;
				CLANG_WARN_DOCUMENTATION_COMMENTS = YES;
				CLANG_WARN_EMPTY_BODY = YES;
				CLANG_WARN_ENUM_CONVERSION = YES;
				CLANG_WARN_INFINITE_RECURSION = YES;
				CLANG_WARN_INT_CONVERSION = YES;
				CLANG_WARN_NON_LITERAL_NULL_CONVERSION = YES;
				CLANG_WARN_OBJC_IMPLICIT_RETAIN_SELF = YES;
				CLANG_WARN_OBJC_LITERAL_CONVERSION = YES;
				CLANG_WARN_OBJC_ROOT_CLASS = YES_ERROR;
				CLANG_WARN_QUOTED_INCLUDE_IN_FRAMEWORK_HEADER = YES;
				CLANG_WARN_RANGE_LOOP_ANALYSIS = YES;
				CLANG_WARN_STRICT_PROTOTYPES = YES;
				CLANG_WARN_SUSPICIOUS_MOVE = YES;
				CLANG_WARN_UNGUARDED_AVAILABILITY = YES_AGGRESSIVE;
				CLANG_WARN_UNREACHABLE_CODE = YES;
				CLANG_WARN__DUPLICATE_METHOD_MATCH = YES;
				COPY_PHASE_STRIP = NO;
				DEBUG_INFORMATION_FORMAT = dwarf;
				ENABLE_STRICT_OBJC_MSGSEND = YES;
				ENABLE_TESTABILITY = YES;
				ENABLE_USER_SCRIPT_SANDBOXING = YES;
				GCC_C_LANGUAGE_STANDARD = gnu17;
				GCC_DYNAMIC_NO_PIC = NO;
				GCC_NO_COMMON_BLOCKS = YES;
				GCC_OPTIMIZATION_LEVEL = 0;
				GCC_PREPROCESSOR_DEFINITIONS = (
					"DEBUG=1",
					"$(inherited)",
				);
				GCC_WARN_64_TO_32_BIT_CONVERSION = YES;
				GCC_WARN_ABOUT_RETURN_TYPE = YES_ERROR;
				GCC_WARN_UNDECLARED_SELECTOR = YES;
				GCC_WARN_UNINITIALIZED_AUTOS = YES_AGGRESSIVE;
				GCC_WARN_UNUSED_FUNCTION = YES;
				GCC_WARN_UNUSED_VARIABLE = YES;
				IPHONEOS_DEPLOYMENT_TARGET = 17.2;
				LOCALIZATION_PREFERS_STRING_CATALOGS = YES;
				MTL_ENABLE_DEBUG_INFO = INCLUDE_SOURCE;
				MTL_FAST_MATH = YES;
				ONLY_ACTIVE_ARCH = YES;
				SDKROOT = iphoneos;
				SWIFT_ACTIVE_COMPILATION_CONDITIONS = "DEBUG $(inherited)";
				SWIFT_OPTIMIZATION_LEVEL = "-Onone";
			};
			name = Debug;
		};
		AE45198D2C77D72D00752D40 /* Release */ = {
			isa = XCBuildConfiguration;
			buildSettings = {
				ALWAYS_SEARCH_USER_PATHS = NO;
				ASSETCATALOG_COMPILER_GENERATE_SWIFT_ASSET_SYMBOL_EXTENSIONS = YES;
				CLANG_ANALYZER_NONNULL = YES;
				CLANG_ANALYZER_NUMBER_OBJECT_CONVERSION = YES_AGGRESSIVE;
				CLANG_CXX_LANGUAGE_STANDARD = "gnu++20";
				CLANG_ENABLE_MODULES = YES;
				CLANG_ENABLE_OBJC_ARC = YES;
				CLANG_ENABLE_OBJC_WEAK = YES;
				CLANG_WARN_BLOCK_CAPTURE_AUTORELEASING = YES;
				CLANG_WARN_BOOL_CONVERSION = YES;
				CLANG_WARN_COMMA = YES;
				CLANG_WARN_CONSTANT_CONVERSION = YES;
				CLANG_WARN_DEPRECATED_OBJC_IMPLEMENTATIONS = YES;
				CLANG_WARN_DIRECT_OBJC_ISA_USAGE = YES_ERROR;
				CLANG_WARN_DOCUMENTATION_COMMENTS = YES;
				CLANG_WARN_EMPTY_BODY = YES;
				CLANG_WARN_ENUM_CONVERSION = YES;
				CLANG_WARN_INFINITE_RECURSION = YES;
				CLANG_WARN_INT_CONVERSION = YES;
				CLANG_WARN_NON_LITERAL_NULL_CONVERSION = YES;
				CLANG_WARN_OBJC_IMPLICIT_RETAIN_SELF = YES;
				CLANG_WARN_OBJC_LITERAL_CONVERSION = YES;
				CLANG_WARN_OBJC_ROOT_CLASS = YES_ERROR;
				CLANG_WARN_QUOTED_INCLUDE_IN_FRAMEWORK_HEADER = YES;
				CLANG_WARN_RANGE_LOOP_ANALYSIS = YES;
				CLANG_WARN_STRICT_PROTOTYPES = YES;
				CLANG_WARN_SUSPICIOUS_MOVE = YES;
				CLANG_WARN_UNGUARDED_AVAILABILITY = YES_AGGRESSIVE;
				CLANG_WARN_UNREACHABLE_CODE = YES;
				CLANG_WARN__DUPLICATE_METHOD_MATCH = YES;
				COPY_PHASE_STRIP = NO;
				DEBUG_INFORMATION_FORMAT = "dwarf-with-dsym";
				ENABLE_NS_ASSERTIONS = NO;
				ENABLE_STRICT_OBJC_MSGSEND = YES;
				ENABLE_USER_SCRIPT_SANDBOXING = YES;
				GCC_C_LANGUAGE_STANDARD = gnu17;
				GCC_NO_COMMON_BLOCKS = YES;
				GCC_WARN_64_TO_32_BIT_CONVERSION = YES;
				GCC_WARN_ABOUT_RETURN_TYPE = YES_ERROR;
				GCC_WARN_UNDECLARED_SELECTOR = YES;
				GCC_WARN_UNINITIALIZED_AUTOS = YES_AGGRESSIVE;
				GCC_WARN_UNUSED_FUNCTION = YES;
				GCC_WARN_UNUSED_VARIABLE = YES;
				IPHONEOS_DEPLOYMENT_TARGET = 17.2;
				LOCALIZATION_PREFERS_STRING_CATALOGS = YES;
				MTL_ENABLE_DEBUG_INFO = NO;
				MTL_FAST_MATH = YES;
				SDKROOT = iphoneos;
				SWIFT_COMPILATION_MODE = wholemodule;
				VALIDATE_PRODUCT = YES;
			};
			name = Release;
		};
		AE45198F2C77D72D00752D40 /* Debug */ = {
			isa = XCBuildConfiguration;
			buildSettings = {
				ASSETCATALOG_COMPILER_APPICON_NAME = AppIcon;
				ASSETCATALOG_COMPILER_GLOBAL_ACCENT_COLOR_NAME = AccentColor;
				CODE_SIGN_STYLE = Automatic;
				CURRENT_PROJECT_VERSION = 1;
				DEVELOPMENT_ASSET_PATHS = "\"GP4-Challenge-2/Preview Content\"";
				DEVELOPMENT_TEAM = 2ULRN6JS84;
				ENABLE_PREVIEWS = YES;
				GENERATE_INFOPLIST_FILE = YES;
				INFOPLIST_KEY_UIApplicationSceneManifest_Generation = YES;
				INFOPLIST_KEY_UIApplicationSupportsIndirectInputEvents = YES;
				INFOPLIST_KEY_UILaunchScreen_Generation = YES;
				INFOPLIST_KEY_UISupportedInterfaceOrientations_iPad = "UIInterfaceOrientationPortrait UIInterfaceOrientationPortraitUpsideDown UIInterfaceOrientationLandscapeLeft UIInterfaceOrientationLandscapeRight";
				INFOPLIST_KEY_UISupportedInterfaceOrientations_iPhone = "UIInterfaceOrientationPortrait UIInterfaceOrientationLandscapeLeft UIInterfaceOrientationLandscapeRight";
				LD_RUNPATH_SEARCH_PATHS = (
					"$(inherited)",
					"@executable_path/Frameworks",
				);
				MARKETING_VERSION = 1.0;
				PRODUCT_BUNDLE_IDENTIFIER = "com.academy.GP4-Challenge-2";
				PRODUCT_NAME = "$(TARGET_NAME)";
				SWIFT_EMIT_LOC_STRINGS = YES;
				SWIFT_VERSION = 5.0;
				TARGETED_DEVICE_FAMILY = "1,2";
			};
			name = Debug;
		};
		AE4519902C77D72D00752D40 /* Release */ = {
			isa = XCBuildConfiguration;
			buildSettings = {
				ASSETCATALOG_COMPILER_APPICON_NAME = AppIcon;
				ASSETCATALOG_COMPILER_GLOBAL_ACCENT_COLOR_NAME = AccentColor;
				CODE_SIGN_STYLE = Automatic;
				CURRENT_PROJECT_VERSION = 1;
				DEVELOPMENT_ASSET_PATHS = "\"GP4-Challenge-2/Preview Content\"";
				DEVELOPMENT_TEAM = 2ULRN6JS84;
				ENABLE_PREVIEWS = YES;
				GENERATE_INFOPLIST_FILE = YES;
				INFOPLIST_KEY_UIApplicationSceneManifest_Generation = YES;
				INFOPLIST_KEY_UIApplicationSupportsIndirectInputEvents = YES;
				INFOPLIST_KEY_UILaunchScreen_Generation = YES;
				INFOPLIST_KEY_UISupportedInterfaceOrientations_iPad = "UIInterfaceOrientationPortrait UIInterfaceOrientationPortraitUpsideDown UIInterfaceOrientationLandscapeLeft UIInterfaceOrientationLandscapeRight";
				INFOPLIST_KEY_UISupportedInterfaceOrientations_iPhone = "UIInterfaceOrientationPortrait UIInterfaceOrientationLandscapeLeft UIInterfaceOrientationLandscapeRight";
				LD_RUNPATH_SEARCH_PATHS = (
					"$(inherited)",
					"@executable_path/Frameworks",
				);
				MARKETING_VERSION = 1.0;
				PRODUCT_BUNDLE_IDENTIFIER = "com.academy.GP4-Challenge-2";
				PRODUCT_NAME = "$(TARGET_NAME)";
				SWIFT_EMIT_LOC_STRINGS = YES;
				SWIFT_VERSION = 5.0;
				TARGETED_DEVICE_FAMILY = "1,2";
			};
			name = Release;
		};
/* End XCBuildConfiguration section */

/* Begin XCConfigurationList section */
		AE4519792C77D72C00752D40 /* Build configuration list for PBXProject "GP4-Challenge-2" */ = {
			isa = XCConfigurationList;
			buildConfigurations = (
				AE45198C2C77D72D00752D40 /* Debug */,
				AE45198D2C77D72D00752D40 /* Release */,
			);
			defaultConfigurationIsVisible = 0;
			defaultConfigurationName = Release;
		};
		AE45198E2C77D72D00752D40 /* Build configuration list for PBXNativeTarget "GP4-Challenge-2" */ = {
			isa = XCConfigurationList;
			buildConfigurations = (
				AE45198F2C77D72D00752D40 /* Debug */,
				AE4519902C77D72D00752D40 /* Release */,
			);
			defaultConfigurationIsVisible = 0;
			defaultConfigurationName = Release;
		};
/* End XCConfigurationList section */
	};
	rootObject = AE4519762C77D72C00752D40 /* Project object */;
}
